PATH
  remote: .
  specs:
    slack_socket_mode_bot (0.9.2)
      websocket (~> 1.2)

GEM
  remote: https://rubygems.org/
  specs:
    drb (2.2.3)
    minitest (6.0.6)
      drb (~> 2.0)
      prism (~> 1.5)
    prism (1.9.0)
    rake (13.4.2)
    websocket (1.2.11)

PLATFORMS
  ruby
  x86_64-linux

DEPENDENCIES
  minitest
  rake
  slack_socket_mode_bot!

BUNDLED WITH
   2.6.0.dev
